// !$*UTF8*$!
{
	archiveVersion = 1;
	classes = {
	};
	objectVersion = 51;
	objects = {

/* Begin PBXBuildFile section */
		059CEB6550219B2A63D49E67 /* Pods_programmatically_ui.framework in Frameworks */ = {isa = PBXBuildFile; fileRef = 2BE48519B8FBE68910D0ACB2 /* Pods_programmatically_ui.framework */; };
		2021C6E3A0DB0B8904A1159A /* Pods_programmatically_ui_programmatically_uiUITests.framework in Frameworks */ = {isa = PBXBuildFile; fileRef = 8B555613C4846D33E91170B2 /* Pods_programmatically_ui_programmatically_uiUITests.framework */; };
		3321D4B225FA50250061B8AB /* AppDelegate.swift in Sources */ = {isa = PBXBuildFile; fileRef = 3321D4B125FA50250061B8AB /* AppDelegate.swift */; };
		3321D4B425FA50250061B8AB /* SceneDelegate.swift in Sources */ = {isa = PBXBuildFile; fileRef = 3321D4B325FA50250061B8AB /* SceneDelegate.swift */; };
		3321D4B625FA50250061B8AB /* ViewController.swift in Sources */ = {isa = PBXBuildFile; fileRef = 3321D4B525FA50250061B8AB /* ViewController.swift */; };
		3321D4B925FA50250061B8AB /* Main.storyboard in Resources */ = {isa = PBXBuildFile; fileRef = 3321D4B725FA50250061B8AB /* Main.storyboard */; };
		3321D4BB25FA50270061B8AB /* Assets.xcassets in Resources */ = {isa = PBXBuildFile; fileRef = 3321D4BA25FA50270061B8AB /* Assets.xcassets */; };
		3321D4BE25FA50270061B8AB /* LaunchScreen.storyboard in Resources */ = {isa = PBXBuildFile; fileRef = 3321D4BC25FA50270061B8AB /* LaunchScreen.storyboard */; };
		3321D4C925FA50270061B8AB /* programmatically_uiTests.swift in Sources */ = {isa = PBXBuildFile; fileRef = 3321D4C825FA50270061B8AB /* programmatically_uiTests.swift */; };
		3321D4D425FA50270061B8AB /* programmatically_uiUITests.swift in Sources */ = {isa = PBXBuildFile; fileRef = 3321D4D325FA50270061B8AB /* programmatically_uiUITests.swift */; };
		3321D4EE25FA5FBA0061B8AB /* ProductCollectionViewCell.swift in Sources */ = {isa = PBXBuildFile; fileRef = 3321D4ED25FA5FBA0061B8AB /* ProductCollectionViewCell.swift */; };
		3321D4F325FA702B0061B8AB /* UserView.swift in Sources */ = {isa = PBXBuildFile; fileRef = 3321D4F225FA702B0061B8AB /* UserView.swift */; };
		85AD0275CBD46E59F1A25E8A /* Pods_programmatically_uiTests.framework in Frameworks */ = {isa = PBXBuildFile; fileRef = 05CC3960632D7D5DDD076680 /* Pods_programmatically_uiTests.framework */; };
/* End PBXBuildFile section */

/* Begin PBXContainerItemProxy section */
		3321D4C525FA50270061B8AB /* PBXContainerItemProxy */ = {
			isa = PBXContainerItemProxy;
			containerPortal = 3321D4A625FA50250061B8AB /* Project object */;
			proxyType = 1;
			remoteGlobalIDString = 3321D4AD25FA50250061B8AB;
			remoteInfo = "programmatically-ui";
		};
		3321D4D025FA50270061B8AB /* PBXContainerItemProxy */ = {
			isa = PBXContainerItemProxy;
			containerPortal = 3321D4A625FA50250061B8AB /* Project object */;
			proxyType = 1;
			remoteGlobalIDString = 3321D4AD25FA50250061B8AB;
			remoteInfo = "programmatically-ui";
		};
/* End PBXContainerItemProxy section */

/* Begin PBXFileReference section */
		051BBFF52597C0168F077C02 /* Pods-programmatically-ui-programmatically-uiUITests.debug.xcconfig */ = {isa = PBXFileReference; includeInIndex = 1; lastKnownFileType = text.xcconfig; name = "Pods-programmatically-ui-programmatically-uiUITests.debug.xcconfig"; path = "Target Support Files/Pods-programmatically-ui-programmatically-uiUITests/Pods-programmatically-ui-programmatically-uiUITests.debug.xcconfig"; sourceTree = "<group>"; };
		05CC3960632D7D5DDD076680 /* Pods_programmatically_uiTests.framework */ = {isa = PBXFileReference; explicitFileType = wrapper.framework; includeInIndex = 0; path = Pods_programmatically_uiTests.framework; sourceTree = BUILT_PRODUCTS_DIR; };
		2BE48519B8FBE68910D0ACB2 /* Pods_programmatically_ui.framework */ = {isa = PBXFileReference; explicitFileType = wrapper.framework; includeInIndex = 0; path = Pods_programmatically_ui.framework; sourceTree = BUILT_PRODUCTS_DIR; };
		3321D4AE25FA50250061B8AB /* programmatically-ui.app */ = {isa = PBXFileReference; explicitFileType = wrapper.application; includeInIndex = 0; path = "programmatically-ui.app"; sourceTree = BUILT_PRODUCTS_DIR; };
		3321D4B125FA50250061B8AB /* AppDelegate.swift */ = {isa = PBXFileReference; lastKnownFileType = sourcecode.swift; path = AppDelegate.swift; sourceTree = "<group>"; };
		3321D4B325FA50250061B8AB /* SceneDelegate.swift */ = {isa = PBXFileReference; lastKnownFileType = sourcecode.swift; path = SceneDelegate.swift; sourceTree = "<group>"; };
		3321D4B525FA50250061B8AB /* ViewController.swift */ = {isa = PBXFileReference; lastKnownFileType = sourcecode.swift; path = ViewController.swift; sourceTree = "<group>"; };
		3321D4B825FA50250061B8AB /* Base */ = {isa = PBXFileReference; lastKnownFileType = file.storyboard; name = Base; path = Base.lproj/Main.storyboard; sourceTree = "<group>"; };
		3321D4BA25FA50270061B8AB /* Assets.xcassets */ = {isa = PBXFileReference; lastKnownFileType = folder.assetcatalog; path = Assets.xcassets; sourceTree = "<group>"; };
		3321D4BD25FA50270061B8AB /* Base */ = {isa = PBXFileReference; lastKnownFileType = file.storyboard; name = Base; path = Base.lproj/LaunchScreen.storyboard; sourceTree = "<group>"; };
		3321D4BF25FA50270061B8AB /* Info.plist */ = {isa = PBXFileReference; lastKnownFileType = text.plist.xml; path = Info.plist; sourceTree = "<group>"; };
		3321D4C425FA50270061B8AB /* programmatically-uiTests.xctest */ = {isa = PBXFileReference; explicitFileType = wrapper.cfbundle; includeInIndex = 0; path = "programmatically-uiTests.xctest"; sourceTree = BUILT_PRODUCTS_DIR; };
		3321D4C825FA50270061B8AB /* programmatically_uiTests.swift */ = {isa = PBXFileReference; lastKnownFileType = sourcecode.swift; path = programmatically_uiTests.swift; sourceTree = "<group>"; };
		3321D4CA25FA50270061B8AB /* Info.plist */ = {isa = PBXFileReference; lastKnownFileType = text.plist.xml; path = Info.plist; sourceTree = "<group>"; };
		3321D4CF25FA50270061B8AB /* programmatically-uiUITests.xctest */ = {isa = PBXFileReference; explicitFileType = wrapper.cfbundle; includeInIndex = 0; path = "programmatically-uiUITests.xctest"; sourceTree = BUILT_PRODUCTS_DIR; };
		3321D4D325FA50270061B8AB /* programmatically_uiUITests.swift */ = {isa = PBXFileReference; lastKnownFileType = sourcecode.swift; path = programmatically_uiUITests.swift; sourceTree = "<group>"; };
		3321D4D525FA50270061B8AB /* Info.plist */ = {isa = PBXFileReference; lastKnownFileType = text.plist.xml; path = Info.plist; sourceTree = "<group>"; };
		3321D4ED25FA5FBA0061B8AB /* ProductCollectionViewCell.swift */ = {isa = PBXFileReference; lastKnownFileType = sourcecode.swift; path = ProductCollectionViewCell.swift; sourceTree = "<group>"; };
		3321D4F225FA702B0061B8AB /* UserView.swift */ = {isa = PBXFileReference; lastKnownFileType = sourcecode.swift; path = UserView.swift; sourceTree = "<group>"; };
		3F301545236084C41E41F9A1 /* Pods-programmatically-uiTests.release.xcconfig */ = {isa = PBXFileReference; includeInIndex = 1; lastKnownFileType = text.xcconfig; name = "Pods-programmatically-uiTests.release.xcconfig"; path = "Target Support Files/Pods-programmatically-uiTests/Pods-programmatically-uiTests.release.xcconfig"; sourceTree = "<group>"; };
		58B2223F1F52EDE483D6BC77 /* Pods-programmatically-uiTests.debug.xcconfig */ = {isa = PBXFileReference; includeInIndex = 1; lastKnownFileType = text.xcconfig; name = "Pods-programmatically-uiTests.debug.xcconfig"; path = "Target Support Files/Pods-programmatically-uiTests/Pods-programmatically-uiTests.debug.xcconfig"; sourceTree = "<group>"; };
		8B555613C4846D33E91170B2 /* Pods_programmatically_ui_programmatically_uiUITests.framework */ = {isa = PBXFileReference; explicitFileType = wrapper.framework; includeInIndex = 0; path = Pods_programmatically_ui_programmatically_uiUITests.framework; sourceTree = BUILT_PRODUCTS_DIR; };
		A31AD1DA2128823AAD6C173E /* Pods-programmatically-ui.debug.xcconfig */ = {isa = PBXFileReference; includeInIndex = 1; lastKnownFileType = text.xcconfig; name = "Pods-programmatically-ui.debug.xcconfig"; path = "Target Support Files/Pods-programmatically-ui/Pods-programmatically-ui.debug.xcconfig"; sourceTree = "<group>"; };
		BE0B779889CE1FCD918B929B /* Pods-programmatically-ui-programmatically-uiUITests.release.xcconfig */ = {isa = PBXFileReference; includeInIndex = 1; lastKnownFileType = text.xcconfig; name = "Pods-programmatically-ui-programmatically-uiUITests.release.xcconfig"; path = "Target Support Files/Pods-programmatically-ui-programmatically-uiUITests/Pods-programmatically-ui-programmatically-uiUITests.release.xcconfig"; sourceTree = "<group>"; };
		C4755F4CC28EE0D848708100 /* Pods-programmatically-ui.release.xcconfig */ = {isa = PBXFileReference; includeInIndex = 1; lastKnownFileType = text.xcconfig; name = "Pods-programmatically-ui.release.xcconfig"; path = "Target Support Files/Pods-programmatically-ui/Pods-programmatically-ui.release.xcconfig"; sourceTree = "<group>"; };
/* End PBXFileReference section */

/* Begin PBXFrameworksBuildPhase section */
		3321D4AB25FA50250061B8AB /* Frameworks */ = {
			isa = PBXFrameworksBuildPhase;
			buildActionMask = 2147483647;
			files = (
				059CEB6550219B2A63D49E67 /* Pods_programmatically_ui.framework in Frameworks */,
			);
			runOnlyForDeploymentPostprocessing = 0;
		};
		3321D4C125FA50270061B8AB /* Frameworks */ = {
			isa = PBXFrameworksBuildPhase;
			buildActionMask = 2147483647;
			files = (
				85AD0275CBD46E59F1A25E8A /* Pods_programmatically_uiTests.framework in Frameworks */,
			);
			runOnlyForDeploymentPostprocessing = 0;
		};
		3321D4CC25FA50270061B8AB /* Frameworks */ = {
			isa = PBXFrameworksBuildPhase;
			buildActionMask = 2147483647;
			files = (
				2021C6E3A0DB0B8904A1159A /* Pods_programmatically_ui_programmatically_uiUITests.framework in Frameworks */,
			);
			runOnlyForDeploymentPostprocessing = 0;
		};
/* End PBXFrameworksBuildPhase section */

/* Begin PBXGroup section */
		3321D4A525FA50250061B8AB = {
			isa = PBXGroup;
			children = (
				3321D4B025FA50250061B8AB /* programmatically-ui */,
				3321D4C725FA50270061B8AB /* programmatically-uiTests */,
				3321D4D225FA50270061B8AB /* programmatically-uiUITests */,
				3321D4AF25FA50250061B8AB /* Products */,
				6D6453518F5F53557A448317 /* Pods */,
				87A6F72064A4828083BD99A3 /* Frameworks */,
			);
			sourceTree = "<group>";
		};
		3321D4AF25FA50250061B8AB /* Products */ = {
			isa = PBXGroup;
			children = (
				3321D4AE25FA50250061B8AB /* programmatically-ui.app */,
				3321D4C425FA50270061B8AB /* programmatically-uiTests.xctest */,
				3321D4CF25FA50270061B8AB /* programmatically-uiUITests.xctest */,
			);
			name = Products;
			sourceTree = "<group>";
		};
		3321D4B025FA50250061B8AB /* programmatically-ui */ = {
			isa = PBXGroup;
			children = (
				3321D4B125FA50250061B8AB /* AppDelegate.swift */,
				3321D4B325FA50250061B8AB /* SceneDelegate.swift */,
				3321D4B525FA50250061B8AB /* ViewController.swift */,
				3321D4ED25FA5FBA0061B8AB /* ProductCollectionViewCell.swift */,
				3321D4B725FA50250061B8AB /* Main.storyboard */,
				3321D4BA25FA50270061B8AB /* Assets.xcassets */,
				3321D4BC25FA50270061B8AB /* LaunchScreen.storyboard */,
				3321D4BF25FA50270061B8AB /* Info.plist */,
				3321D4F225FA702B0061B8AB /* UserView.swift */,
			);
			path = "programmatically-ui";
			sourceTree = "<group>";
		};
		3321D4C725FA50270061B8AB /* programmatically-uiTests */ = {
			isa = PBXGroup;
			children = (
				3321D4C825FA50270061B8AB /* programmatically_uiTests.swift */,
				3321D4CA25FA50270061B8AB /* Info.plist */,
			);
			path = "programmatically-uiTests";
			sourceTree = "<group>";
		};
		3321D4D225FA50270061B8AB /* programmatically-uiUITests */ = {
			isa = PBXGroup;
			children = (
				3321D4D325FA50270061B8AB /* programmatically_uiUITests.swift */,
				3321D4D525FA50270061B8AB /* Info.plist */,
			);
			path = "programmatically-uiUITests";
			sourceTree = "<group>";
		};
		6D6453518F5F53557A448317 /* Pods */ = {
			isa = PBXGroup;
			children = (
				A31AD1DA2128823AAD6C173E /* Pods-programmatically-ui.debug.xcconfig */,
				C4755F4CC28EE0D848708100 /* Pods-programmatically-ui.release.xcconfig */,
				051BBFF52597C0168F077C02 /* Pods-programmatically-ui-programmatically-uiUITests.debug.xcconfig */,
				BE0B779889CE1FCD918B929B /* Pods-programmatically-ui-programmatically-uiUITests.release.xcconfig */,
				58B2223F1F52EDE483D6BC77 /* Pods-programmatically-uiTests.debug.xcconfig */,
				3F301545236084C41E41F9A1 /* Pods-programmatically-uiTests.release.xcconfig */,
			);
			path = Pods;
			sourceTree = "<group>";
		};
		87A6F72064A4828083BD99A3 /* Frameworks */ = {
			isa = PBXGroup;
			children = (
				2BE48519B8FBE68910D0ACB2 /* Pods_programmatically_ui.framework */,
				8B555613C4846D33E91170B2 /* Pods_programmatically_ui_programmatically_uiUITests.framework */,
				05CC3960632D7D5DDD076680 /* Pods_programmatically_uiTests.framework */,
			);
			name = Frameworks;
			sourceTree = "<group>";
		};
/* End PBXGroup section */

/* Begin PBXNativeTarget section */
		3321D4AD25FA50250061B8AB /* programmatically-ui */ = {
			isa = PBXNativeTarget;
			buildConfigurationList = 3321D4D825FA50270061B8AB /* Build configuration list for PBXNativeTarget "programmatically-ui" */;
			buildPhases = (
				E90B06C8F1C7DBEE9422ED18 /* [CP] Check Pods Manifest.lock */,
				3321D4AA25FA50250061B8AB /* Sources */,
				3321D4AB25FA50250061B8AB /* Frameworks */,
				3321D4AC25FA50250061B8AB /* Resources */,
				EEF433750F46BCEB851B66AE /* [CP] Embed Pods Frameworks */,
			);
			buildRules = (
			);
			dependencies = (
			);
			name = "programmatically-ui";
			productName = "programmatically-ui";
			productReference = 3321D4AE25FA50250061B8AB /* programmatically-ui.app */;
			productType = "com.apple.product-type.application";
		};
		3321D4C325FA50270061B8AB /* programmatically-uiTests */ = {
			isa = PBXNativeTarget;
			buildConfigurationList = 3321D4DB25FA50270061B8AB /* Build configuration list for PBXNativeTarget "programmatically-uiTests" */;
			buildPhases = (
				6E7FDEDD58B3D7E01CF0380B /* [CP] Check Pods Manifest.lock */,
				3321D4C025FA50270061B8AB /* Sources */,
				3321D4C125FA50270061B8AB /* Frameworks */,
				3321D4C225FA50270061B8AB /* Resources */,
			);
			buildRules = (
			);
			dependencies = (
				3321D4C625FA50270061B8AB /* PBXTargetDependency */,
			);
			name = "programmatically-uiTests";
			productName = "programmatically-uiTests";
			productReference = 3321D4C425FA50270061B8AB /* programmatically-uiTests.xctest */;
			productType = "com.apple.product-type.bundle.unit-test";
		};
		3321D4CE25FA50270061B8AB /* programmatically-uiUITests */ = {
			isa = PBXNativeTarget;
			buildConfigurationList = 3321D4DE25FA50270061B8AB /* Build configuration list for PBXNativeTarget "programmatically-uiUITests" */;
			buildPhases = (
				5E6463DDF03613A0D42E98A2 /* [CP] Check Pods Manifest.lock */,
				3321D4CB25FA50270061B8AB /* Sources */,
				3321D4CC25FA50270061B8AB /* Frameworks */,
				3321D4CD25FA50270061B8AB /* Resources */,
				A463A7F2DF262AED74EF6AF4 /* [CP] Embed Pods Frameworks */,
			);
			buildRules = (
			);
			dependencies = (
				3321D4D125FA50270061B8AB /* PBXTargetDependency */,
			);
			name = "programmatically-uiUITests";
			productName = "programmatically-uiUITests";
			productReference = 3321D4CF25FA50270061B8AB /* programmatically-uiUITests.xctest */;
			productType = "com.apple.product-type.bundle.ui-testing";
		};
/* End PBXNativeTarget section */

/* Begin PBXProject section */
		3321D4A625FA50250061B8AB /* Project object */ = {
			isa = PBXProject;
			attributes = {
				LastSwiftUpdateCheck = 1240;
				LastUpgradeCheck = 1240;
				TargetAttributes = {
					3321D4AD25FA50250061B8AB = {
						CreatedOnToolsVersion = 12.4;
					};
					3321D4C325FA50270061B8AB = {
						CreatedOnToolsVersion = 12.4;
						TestTargetID = 3321D4AD25FA50250061B8AB;
					};
					3321D4CE25FA50270061B8AB = {
						CreatedOnToolsVersion = 12.4;
						TestTargetID = 3321D4AD25FA50250061B8AB;
					};
				};
			};
			buildConfigurationList = 3321D4A925FA50250061B8AB /* Build configuration list for PBXProject "programmatically-ui" */;
			compatibilityVersion = "Xcode 9.3";
			developmentRegion = en;
			hasScannedForEncodings = 0;
			knownRegions = (
				en,
				Base,
			);
			mainGroup = 3321D4A525FA50250061B8AB;
			productRefGroup = 3321D4AF25FA50250061B8AB /* Products */;
			projectDirPath = "";
			projectRoot = "";
			targets = (
				3321D4AD25FA50250061B8AB /* programmatically-ui */,
				3321D4C325FA50270061B8AB /* programmatically-uiTests */,
				3321D4CE25FA50270061B8AB /* programmatically-uiUITests */,
			);
		};
/* End PBXProject section */

/* Begin PBXResourcesBuildPhase section */
		3321D4AC25FA50250061B8AB /* Resources */ = {
			isa = PBXResourcesBuildPhase;
			buildActionMask = 2147483647;
			files = (
				3321D4BE25FA50270061B8AB /* LaunchScreen.storyboard in Resources */,
				3321D4BB25FA50270061B8AB /* Assets.xcassets in Resources */,
				3321D4B925FA50250061B8AB /* Main.storyboard in Resources */,
			);
			runOnlyForDeploymentPostprocessing = 0;
		};
		3321D4C225FA50270061B8AB /* Resources */ = {
			isa = PBXResourcesBuildPhase;
			buildActionMask = 2147483647;
			files = (
			);
			runOnlyForDeploymentPostprocessing = 0;
		};
		3321D4CD25FA50270061B8AB /* Resources */ = {
			isa = PBXResourcesBuildPhase;
			buildActionMask = 2147483647;
			files = (
			);
			runOnlyForDeploymentPostprocessing = 0;
		};
/* End PBXResourcesBuildPhase section */

/* Begin PBXShellScriptBuildPhase section */
		5E6463DDF03613A0D42E98A2 /* [CP] Check Pods Manifest.lock */ = {
			isa = PBXShellScriptBuildPhase;
			buildActionMask = 2147483647;
			files = (
			);
			inputFileListPaths = (
			);
			inputPaths = (
				"${PODS_PODFILE_DIR_PATH}/Podfile.lock",
				"${PODS_ROOT}/Manifest.lock",
			);
			name = "[CP] Check Pods Manifest.lock";
			outputFileListPaths = (
			);
			outputPaths = (
				"$(DERIVED_FILE_DIR)/Pods-programmatically-ui-programmatically-uiUITests-checkManifestLockResult.txt",
			);
			runOnlyForDeploymentPostprocessing = 0;
			shellPath = /bin/sh;
			shellScript = "diff \"${PODS_PODFILE_DIR_PATH}/Podfile.lock\" \"${PODS_ROOT}/Manifest.lock\" > /dev/null\nif [ $? != 0 ] ; then\n    # print error to STDERR\n    echo \"error: The sandbox is not in sync with the Podfile.lock. Run 'pod install' or update your CocoaPods installation.\" >&2\n    exit 1\nfi\n# This output is used by Xcode 'outputs' to avoid re-running this script phase.\necho \"SUCCESS\" > \"${SCRIPT_OUTPUT_FILE_0}\"\n";
			showEnvVarsInLog = 0;
		};
		6E7FDEDD58B3D7E01CF0380B /* [CP] Check Pods Manifest.lock */ = {
			isa = PBXShellScriptBuildPhase;
			buildActionMask = 2147483647;
			files = (
			);
			inputFileListPaths = (
			);
			inputPaths = (
				"${PODS_PODFILE_DIR_PATH}/Podfile.lock",
				"${PODS_ROOT}/Manifest.lock",
			);
			name = "[CP] Check Pods Manifest.lock";
			outputFileListPaths = (
			);
			outputPaths = (
				"$(DERIVED_FILE_DIR)/Pods-programmatically-uiTests-checkManifestLockResult.txt",
			);
			runOnlyForDeploymentPostprocessing = 0;
			shellPath = /bin/sh;
			shellScript = "diff \"${PODS_PODFILE_DIR_PATH}/Podfile.lock\" \"${PODS_ROOT}/Manifest.lock\" > /dev/null\nif [ $? != 0 ] ; then\n    # print error to STDERR\n    echo \"error: The sandbox is not in sync with the Podfile.lock. Run 'pod install' or update your CocoaPods installation.\" >&2\n    exit 1\nfi\n# This output is used by Xcode 'outputs' to avoid re-running this script phase.\necho \"SUCCESS\" > \"${SCRIPT_OUTPUT_FILE_0}\"\n";
			showEnvVarsInLog = 0;
		};
		A463A7F2DF262AED74EF6AF4 /* [CP] Embed Pods Frameworks */ = {
			isa = PBXShellScriptBuildPhase;
			buildActionMask = 2147483647;
			files = (
			);
			inputFileListPaths = (
				"${PODS_ROOT}/Target Support Files/Pods-programmatically-ui-programmatically-uiUITests/Pods-programmatically-ui-programmatically-uiUITests-frameworks-${CONFIGURATION}-input-files.xcfilelist",
			);
			name = "[CP] Embed Pods Frameworks";
			outputFileListPaths = (
				"${PODS_ROOT}/Target Support Files/Pods-programmatically-ui-programmatically-uiUITests/Pods-programmatically-ui-programmatically-uiUITests-frameworks-${CONFIGURATION}-output-files.xcfilelist",
			);
			runOnlyForDeploymentPostprocessing = 0;
			shellPath = /bin/sh;
			shellScript = "\"${PODS_ROOT}/Target Support Files/Pods-programmatically-ui-programmatically-uiUITests/Pods-programmatically-ui-programmatically-uiUITests-frameworks.sh\"\n";
			showEnvVarsInLog = 0;
		};
		E90B06C8F1C7DBEE9422ED18 /* [CP] Check Pods Manifest.lock */ = {
			isa = PBXShellScriptBuildPhase;
			buildActionMask = 2147483647;
			files = (
			);
			inputFileListPaths = (
			);
			inputPaths = (
				"${PODS_PODFILE_DIR_PATH}/Podfile.lock",
				"${PODS_ROOT}/Manifest.lock",
			);
			name = "[CP] Check Pods Manifest.lock";
			outputFileListPaths = (
			);
			outputPaths = (
				"$(DERIVED_FILE_DIR)/Pods-programmatically-ui-checkManifestLockResult.txt",
			);
			runOnlyForDeploymentPostprocessing = 0;
			shellPath = /bin/sh;
			shellScript = "diff \"${PODS_PODFILE_DIR_PATH}/Podfile.lock\" \"${PODS_ROOT}/Manifest.lock\" > /dev/null\nif [ $? != 0 ] ; then\n    # print error to STDERR\n    echo \"error: The sandbox is not in sync with the Podfile.lock. Run 'pod install' or update your CocoaPods installation.\" >&2\n    exit 1\nfi\n# This output is used by Xcode 'outputs' to avoid re-running this script phase.\necho \"SUCCESS\" > \"${SCRIPT_OUTPUT_FILE_0}\"\n";
			showEnvVarsInLog = 0;
		};
		EEF433750F46BCEB851B66AE /* [CP] Embed Pods Frameworks */ = {
			isa = PBXShellScriptBuildPhase;
			buildActionMask = 2147483647;
			files = (
			);
			inputFileListPaths = (
				"${PODS_ROOT}/Target Support Files/Pods-programmatically-ui/Pods-programmatically-ui-frameworks-${CONFIGURATION}-input-files.xcfilelist",
			);
			name = "[CP] Embed Pods Frameworks";
			outputFileListPaths = (
				"${PODS_ROOT}/Target Support Files/Pods-programmatically-ui/Pods-programmatically-ui-frameworks-${CONFIGURATION}-output-files.xcfilelist",
			);
			runOnlyForDeploymentPostprocessing = 0;
			shellPath = /bin/sh;
			shellScript = "\"${PODS_ROOT}/Target Support Files/Pods-programmatically-ui/Pods-programmatically-ui-frameworks.sh\"\n";
			showEnvVarsInLog = 0;
		};
/* End PBXShellScriptBuildPhase section */

/* Begin PBXSourcesBuildPhase section */
		3321D4AA25FA50250061B8AB /* Sources */ = {
			isa = PBXSourcesBuildPhase;
			buildActionMask = 2147483647;
			files = (
				3321D4B625FA50250061B8AB /* ViewController.swift in Sources */,
				3321D4B225FA50250061B8AB /* AppDelegate.swift in Sources */,
				3321D4F325FA702B0061B8AB /* UserView.swift in Sources */,
				3321D4EE25FA5FBA0061B8AB /* ProductCollectionViewCell.swift in Sources */,
				3321D4B425FA50250061B8AB /* SceneDelegate.swift in Sources */,
			);
			runOnlyForDeploymentPostprocessing = 0;
		};
		3321D4C025FA50270061B8AB /* Sources */ = {
			isa = PBXSourcesBuildPhase;
			buildActionMask = 2147483647;
			files = (
				3321D4C925FA50270061B8AB /* programmatically_uiTests.swift in Sources */,
			);
			runOnlyForDeploymentPostprocessing = 0;
		};
		3321D4CB25FA50270061B8AB /* Sources */ = {
			isa = PBXSourcesBuildPhase;
			buildActionMask = 2147483647;
			files = (
				3321D4D425FA50270061B8AB /* programmatically_uiUITests.swift in Sources */,
			);
			runOnlyForDeploymentPostprocessing = 0;
		};
/* End PBXSourcesBuildPhase section */

/* Begin PBXTargetDependency section */
		3321D4C625FA50270061B8AB /* PBXTargetDependency */ = {
			isa = PBXTargetDependency;
			target = 3321D4AD25FA50250061B8AB /* programmatically-ui */;
			targetProxy = 3321D4C525FA50270061B8AB /* PBXContainerItemProxy */;
		};
		3321D4D125FA50270061B8AB /* PBXTargetDependency */ = {
			isa = PBXTargetDependency;
			target = 3321D4AD25FA50250061B8AB /* programmatically-ui */;
			targetProxy = 3321D4D025FA50270061B8AB /* PBXContainerItemProxy */;
		};
/* End PBXTargetDependency section */

/* Begin PBXVariantGroup section */
		3321D4B725FA50250061B8AB /* Main.storyboard */ = {
			isa = PBXVariantGroup;
			children = (
				3321D4B825FA50250061B8AB /* Base */,
			);
			name = Main.storyboard;
			sourceTree = "<group>";
		};
		3321D4BC25FA50270061B8AB /* LaunchScreen.storyboard */ = {
			isa = PBXVariantGroup;
			children = (
				3321D4BD25FA50270061B8AB /* Base */,
			);
			name = LaunchScreen.storyboard;
			sourceTree = "<group>";
		};
/* End PBXVariantGroup section */

/* Begin XCBuildConfiguration section */
		3321D4D625FA50270061B8AB /* Debug */ = {
			isa = XCBuildConfiguration;
			buildSettings = {
				ALWAYS_SEARCH_USER_PATHS = NO;
				CLANG_ANALYZER_NONNULL = YES;
				CLANG_ANALYZER_NUMBER_OBJECT_CONVERSION = YES_AGGRESSIVE;
				CLANG_CXX_LANGUAGE_STANDARD = "gnu++14";
				CLANG_CXX_LIBRARY = "libc++";
				CLANG_ENABLE_MODULES = YES;
				CLANG_ENABLE_OBJC_ARC = YES;
				CLANG_ENABLE_OBJC_WEAK = YES;
				CLANG_WARN_BLOCK_CAPTURE_AUTORELEASING = YES;
				CLANG_WARN_BOOL_CONVERSION = YES;
				CLANG_WARN_COMMA = YES;
				CLANG_WARN_CONSTANT_CONVERSION = YES;
				CLANG_WARN_DEPRECATED_OBJC_IMPLEMENTATIONS = YES;
				CLANG_WARN_DIRECT_OBJC_ISA_USAGE = YES_ERROR;
				CLANG_WARN_DOCUMENTATION_COMMENTS = YES;
				CLANG_WARN_EMPTY_BODY = YES;
				CLANG_WARN_ENUM_CONVERSION = YES;
				CLANG_WARN_INFINITE_RECURSION = YES;
				CLANG_WARN_INT_CONVERSION = YES;
				CLANG_WARN_NON_LITERAL_NULL_CONVERSION = YES;
				CLANG_WARN_OBJC_IMPLICIT_RETAIN_SELF = YES;
				CLANG_WARN_OBJC_LITERAL_CONVERSION = YES;
				CLANG_WARN_OBJC_ROOT_CLASS = YES_ERROR;
				CLANG_WARN_QUOTED_INCLUDE_IN_FRAMEWORK_HEADER = YES;
				CLANG_WARN_RANGE_LOOP_ANALYSIS = YES;
				CLANG_WARN_STRICT_PROTOTYPES = YES;
				CLANG_WARN_SUSPICIOUS_MOVE = YES;
				CLANG_WARN_UNGUARDED_AVAILABILITY = YES_AGGRESSIVE;
				CLANG_WARN_UNREACHABLE_CODE = YES;
				CLANG_WARN__DUPLICATE_METHOD_MATCH = YES;
				COPY_PHASE_STRIP = NO;
				DEBUG_INFORMATION_FORMAT = dwarf;
				ENABLE_STRICT_OBJC_MSGSEND = YES;
				ENABLE_TESTABILITY = YES;
				GCC_C_LANGUAGE_STANDARD = gnu11;
				GCC_DYNAMIC_NO_PIC = NO;
				GCC_NO_COMMON_BLOCKS = YES;
				GCC_OPTIMIZATION_LEVEL = 0;
				GCC_PREPROCESSOR_DEFINITIONS = (
					"DEBUG=1",
					"$(inherited)",
				);
				GCC_WARN_64_TO_32_BIT_CONVERSION = YES;
				GCC_WARN_ABOUT_RETURN_TYPE = YES_ERROR;
				GCC_WARN_UNDECLARED_SELECTOR = YES;
				GCC_WARN_UNINITIALIZED_AUTOS = YES_AGGRESSIVE;
				GCC_WARN_UNUSED_FUNCTION = YES;
				GCC_WARN_UNUSED_VARIABLE = YES;
				IPHONEOS_DEPLOYMENT_TARGET = 14.4;
				MTL_ENABLE_DEBUG_INFO = INCLUDE_SOURCE;
				MTL_FAST_MATH = YES;
				ONLY_ACTIVE_ARCH = YES;
				SDKROOT = iphoneos;
				SWIFT_ACTIVE_COMPILATION_CONDITIONS = DEBUG;
				SWIFT_OPTIMIZATION_LEVEL = "-Onone";
			};
			name = Debug;
		};
		3321D4D725FA50270061B8AB /* Release */ = {
			isa = XCBuildConfiguration;
			buildSettings = {
				ALWAYS_SEARCH_USER_PATHS = NO;
				CLANG_ANALYZER_NONNULL = YES;
				CLANG_ANALYZER_NUMBER_OBJECT_CONVERSION = YES_AGGRESSIVE;
				CLANG_CXX_LANGUAGE_STANDARD = "gnu++14";
				CLANG_CXX_LIBRARY = "libc++";
				CLANG_ENABLE_MODULES = YES;
				CLANG_ENABLE_OBJC_ARC = YES;
				CLANG_ENABLE_OBJC_WEAK = YES;
				CLANG_WARN_BLOCK_CAPTURE_AUTORELEASING = YES;
				CLANG_WARN_BOOL_CONVERSION = YES;
				CLANG_WARN_COMMA = YES;
				CLANG_WARN_CONSTANT_CONVERSION = YES;
				CLANG_WARN_DEPRECATED_OBJC_IMPLEMENTATIONS = YES;
				CLANG_WARN_DIRECT_OBJC_ISA_USAGE = YES_ERROR;
				CLANG_WARN_DOCUMENTATION_COMMENTS = YES;
				CLANG_WARN_EMPTY_BODY = YES;
				CLANG_WARN_ENUM_CONVERSION = YES;
				CLANG_WARN_INFINITE_RECURSION = YES;
				CLANG_WARN_INT_CONVERSION = YES;
				CLANG_WARN_NON_LITERAL_NULL_CONVERSION = YES;
				CLANG_WARN_OBJC_IMPLICIT_RETAIN_SELF = YES;
				CLANG_WARN_OBJC_LITERAL_CONVERSION = YES;
				CLANG_WARN_OBJC_ROOT_CLASS = YES_ERROR;
				CLANG_WARN_QUOTED_INCLUDE_IN_FRAMEWORK_HEADER = YES;
				CLANG_WARN_RANGE_LOOP_ANALYSIS = YES;
				CLANG_WARN_STRICT_PROTOTYPES = YES;
				CLANG_WARN_SUSPICIOUS_MOVE = YES;
				CLANG_WARN_UNGUARDED_AVAILABILITY = YES_AGGRESSIVE;
				CLANG_WARN_UNREACHABLE_CODE = YES;
				CLANG_WARN__DUPLICATE_METHOD_MATCH = YES;
				COPY_PHASE_STRIP = NO;
				DEBUG_INFORMATION_FORMAT = "dwarf-with-dsym";
				ENABLE_NS_ASSERTIONS = NO;
				ENABLE_STRICT_OBJC_MSGSEND = YES;
				GCC_C_LANGUAGE_STANDARD = gnu11;
				GCC_NO_COMMON_BLOCKS = YES;
				GCC_WARN_64_TO_32_BIT_CONVERSION = YES;
				GCC_WARN_ABOUT_RETURN_TYPE = YES_ERROR;
				GCC_WARN_UNDECLARED_SELECTOR = YES;
				GCC_WARN_UNINITIALIZED_AUTOS = YES_AGGRESSIVE;
				GCC_WARN_UNUSED_FUNCTION = YES;
				GCC_WARN_UNUSED_VARIABLE = YES;
				IPHONEOS_DEPLOYMENT_TARGET = 14.4;
				MTL_ENABLE_DEBUG_INFO = NO;
				MTL_FAST_MATH = YES;
				SDKROOT = iphoneos;
				SWIFT_COMPILATION_MODE = wholemodule;
				SWIFT_OPTIMIZATION_LEVEL = "-O";
				VALIDATE_PRODUCT = YES;
			};
			name = Release;
		};
		3321D4D925FA50270061B8AB /* Debug */ = {
			isa = XCBuildConfiguration;
			baseConfigurationReference = A31AD1DA2128823AAD6C173E /* Pods-programmatically-ui.debug.xcconfig */;
			buildSettings = {
				ASSETCATALOG_COMPILER_APPICON_NAME = AppIcon;
				ASSETCATALOG_COMPILER_GLOBAL_ACCENT_COLOR_NAME = AccentColor;
				CODE_SIGN_STYLE = Automatic;
				DEVELOPMENT_TEAM = 5RM88A2BX9;
				INFOPLIST_FILE = "programmatically-ui/Info.plist";
				LD_RUNPATH_SEARCH_PATHS = (
					"$(inherited)",
					"@executable_path/Frameworks",
				);
				PRODUCT_BUNDLE_IDENTIFIER = "com.oguzhan.programmatically-ui";
				PRODUCT_NAME = "$(TARGET_NAME)";
				SWIFT_VERSION = 5.0;
				TARGETED_DEVICE_FAMILY = "1,2";
			};
			name = Debug;
		};
		3321D4DA25FA50270061B8AB /* Release */ = {
			isa = XCBuildConfiguration;
			baseConfigurationReference = C4755F4CC28EE0D848708100 /* Pods-programmatically-ui.release.xcconfig */;
			buildSettings = {
				ASSETCATALOG_COMPILER_APPICON_NAME = AppIcon;
				ASSETCATALOG_COMPILER_GLOBAL_ACCENT_COLOR_NAME = AccentColor;
				CODE_SIGN_STYLE = Automatic;
				DEVELOPMENT_TEAM = 5RM88A2BX9;
				INFOPLIST_FILE = "programmatically-ui/Info.plist";
				LD_RUNPATH_SEARCH_PATHS = (
					"$(inherited)",
					"@executable_path/Frameworks",
				);
				PRODUCT_BUNDLE_IDENTIFIER = "com.oguzhan.programmatically-ui";
				PRODUCT_NAME = "$(TARGET_NAME)";
				SWIFT_VERSION = 5.0;
				TARGETED_DEVICE_FAMILY = "1,2";
			};
			name = Release;
		};
		3321D4DC25FA50270061B8AB /* Debug */ = {
			isa = XCBuildConfiguration;
			baseConfigurationReference = 58B2223F1F52EDE483D6BC77 /* Pods-programmatically-uiTests.debug.xcconfig */;
			buildSettings = {
				ALWAYS_EMBED_SWIFT_STANDARD_LIBRARIES = YES;
				BUNDLE_LOADER = "$(TEST_HOST)";
				CODE_SIGN_STYLE = Automatic;
				DEVELOPMENT_TEAM = 5RM88A2BX9;
				INFOPLIST_FILE = "programmatically-uiTests/Info.plist";
				IPHONEOS_DEPLOYMENT_TARGET = 14.4;
				LD_RUNPATH_SEARCH_PATHS = (
					"$(inherited)",
					"@executable_path/Frameworks",
					"@loader_path/Frameworks",
				);
				PRODUCT_BUNDLE_IDENTIFIER = "com.oguzhan.programmatically-uiTests";
				PRODUCT_NAME = "$(TARGET_NAME)";
				SWIFT_VERSION = 5.0;
				TARGETED_DEVICE_FAMILY = "1,2";
				TEST_HOST = "$(BUILT_PRODUCTS_DIR)/programmatically-ui.app/programmatically-ui";
			};
			name = Debug;
		};
		3321D4DD25FA50270061B8AB /* Release */ = {
			isa = XCBuildConfiguration;
			baseConfigurationReference = 3F301545236084C41E41F9A1 /* Pods-programmatically-uiTests.release.xcconfig */;
			buildSettings = {
				ALWAYS_EMBED_SWIFT_STANDARD_LIBRARIES = YES;
				BUNDLE_LOADER = "$(TEST_HOST)";
				CODE_SIGN_STYLE = Automatic;
				DEVELOPMENT_TEAM = 5RM88A2BX9;
				INFOPLIST_FILE = "programmatically-uiTests/Info.plist";
				IPHONEOS_DEPLOYMENT_TARGET = 14.4;
				LD_RUNPATH_SEARCH_PATHS = (
					"$(inherited)",
					"@executable_path/Frameworks",
					"@loader_path/Frameworks",
				);
				PRODUCT_BUNDLE_IDENTIFIER = "com.oguzhan.programmatically-uiTests";
				PRODUCT_NAME = "$(TARGET_NAME)";
				SWIFT_VERSION = 5.0;
				TARGETED_DEVICE_FAMILY = "1,2";
				TEST_HOST = "$(BUILT_PRODUCTS_DIR)/programmatically-ui.app/programmatically-ui";
			};
			name = Release;
		};
		3321D4DF25FA50270061B8AB /* Debug */ = {
			isa = XCBuildConfiguration;
			baseConfigurationReference = 051BBFF52597C0168F077C02 /* Pods-programmatically-ui-programmatically-uiUITests.debug.xcconfig */;
			buildSettings = {
				ALWAYS_EMBED_SWIFT_STANDARD_LIBRARIES = YES;
				CODE_SIGN_STYLE = Automatic;
				DEVELOPMENT_TEAM = 5RM88A2BX9;
				INFOPLIST_FILE = "programmatically-uiUITests/Info.plist";
				LD_RUNPATH_SEARCH_PATHS = (
					"$(inherited)",
					"@executable_path/Frameworks",
					"@loader_path/Frameworks",
				);
				PRODUCT_BUNDLE_IDENTIFIER = "com.oguzhan.programmatically-uiUITests";
				PRODUCT_NAME = "$(TARGET_NAME)";
				SWIFT_VERSION = 5.0;
				TARGETED_DEVICE_FAMILY = "1,2";
				TEST_TARGET_NAME = "programmatically-ui";
			};
			name = Debug;
		};
		3321D4E025FA50270061B8AB /* Release */ = {
			isa = XCBuildConfiguration;
			baseConfigurationReference = BE0B779889CE1FCD918B929B /* Pods-programmatically-ui-programmatically-uiUITests.release.xcconfig */;
			buildSettings = {
				ALWAYS_EMBED_SWIFT_STANDARD_LIBRARIES = YES;
				CODE_SIGN_STYLE = Automatic;
				DEVELOPMENT_TEAM = 5RM88A2BX9;
				INFOPLIST_FILE = "programmatically-uiUITests/Info.plist";
				LD_RUNPATH_SEARCH_PATHS = (
					"$(inherited)",
					"@executable_path/Frameworks",
					"@loader_path/Frameworks",
				);
				PRODUCT_BUNDLE_IDENTIFIER = "com.oguzhan.programmatically-uiUITests";
				PRODUCT_NAME = "$(TARGET_NAME)";
				SWIFT_VERSION = 5.0;
				TARGETED_DEVICE_FAMILY = "1,2";
				TEST_TARGET_NAME = "programmatically-ui";
			};
			name = Release;
		};
/* End XCBuildConfiguration section */

/* Begin XCConfigurationList section */
		3321D4A925FA50250061B8AB /* Build configuration list for PBXProject "programmatically-ui" */ = {
			isa = XCConfigurationList;
			buildConfigurations = (
				3321D4D625FA50270061B8AB /* Debug */,
				3321D4D725FA50270061B8AB /* Release */,
			);
			defaultConfigurationIsVisible = 0;
			defaultConfigurationName = Release;
		};
		3321D4D825FA50270061B8AB /* Build configuration list for PBXNativeTarget "programmatically-ui" */ = {
			isa = XCConfigurationList;
			buildConfigurations = (
				3321D4D925FA50270061B8AB /* Debug */,
				3321D4DA25FA50270061B8AB /* Release */,
			);
			defaultConfigurationIsVisible = 0;
			defaultConfigurationName = Release;
		};
		3321D4DB25FA50270061B8AB /* Build configuration list for PBXNativeTarget "programmatically-uiTests" */ = {
			isa = XCConfigurationList;
			buildConfigurations = (
				3321D4DC25FA50270061B8AB /* Debug */,
				3321D4DD25FA50270061B8AB /* Release */,
			);
			defaultConfigurationIsVisible = 0;
			defaultConfigurationName = Release;
		};
		3321D4DE25FA50270061B8AB /* Build configuration list for PBXNativeTarget "programmatically-uiUITests" */ = {
			isa = XCConfigurationList;
			buildConfigurations = (
				3321D4DF25FA50270061B8AB /* Debug */,
				3321D4E025FA50270061B8AB /* Release */,
			);
			defaultConfigurationIsVisible = 0;
			defaultConfigurationName = Release;
		};
/* End XCConfigurationList section */
	};
	rootObject = 3321D4A625FA50250061B8AB /* Project object */;
}
